// !$*UTF8*$!
{
	archiveVersion = 1;
	classes = {
	};
	objectVersion = 46;
	objects = {

/* Begin PBXBuildFile section */
		9B3EF4DAB1BE8E91C6915028 /* Pods_ArchTemp.framework in Frameworks */ = {isa = PBXBuildFile; fileRef = A3B00C9DF1AECA2FF67E040A /* Pods_ArchTemp.framework */; };
		BF280ADF1F5137FA00134803 /* InitAppSequence.swift in Sources */ = {isa = PBXBuildFile; fileRef = BF280ADE1F5137FA00134803 /* InitAppSequence.swift */; };
		BF280AE11F51391E00134803 /* PresentMainAppOperation.swift in Sources */ = {isa = PBXBuildFile; fileRef = BF280AE01F51391E00134803 /* PresentMainAppOperation.swift */; };
		BF280AEB1F513AFA00134803 /* main.storyboard in Resources */ = {isa = PBXBuildFile; fileRef = BF280AE91F513AFA00134803 /* main.storyboard */; };
		BF280AEC1F513AFA00134803 /* MainMVP.swift in Sources */ = {isa = PBXBuildFile; fileRef = BF280AEA1F513AFA00134803 /* MainMVP.swift */; };
		BF280AEF1F513B8B00134803 /* AppStoryboard.swift in Sources */ = {isa = PBXBuildFile; fileRef = BF280AEE1F513B8B00134803 /* AppStoryboard.swift */; };
		BF280AF11F513C4100134803 /* ConcurrentOperation.swift in Sources */ = {isa = PBXBuildFile; fileRef = BF280AF01F513C4100134803 /* ConcurrentOperation.swift */; };
		BF2B4DF91F55449700B9A17B /* AllPlacesP.swift in Sources */ = {isa = PBXBuildFile; fileRef = BF2B4DF11F55449700B9A17B /* AllPlacesP.swift */; };
		BF2B4DFA1F55449700B9A17B /* AllPlacesHeaderV.swift in Sources */ = {isa = PBXBuildFile; fileRef = BF2B4DF31F55449700B9A17B /* AllPlacesHeaderV.swift */; };
		BF2B4DFB1F55449700B9A17B /* AllPlacesV.swift in Sources */ = {isa = PBXBuildFile; fileRef = BF2B4DF41F55449700B9A17B /* AllPlacesV.swift */; };
		BF2B4E021F55452900B9A17B /* PlacesUseCase.swift in Sources */ = {isa = PBXBuildFile; fileRef = BF2B4E011F55452900B9A17B /* PlacesUseCase.swift */; };
		BF2B4E051F55455B00B9A17B /* Place.swift in Sources */ = {isa = PBXBuildFile; fileRef = BF2B4E041F55455B00B9A17B /* Place.swift */; };
		BF2B4E0A1F5547D600B9A17B /* R.generated.swift in Sources */ = {isa = PBXBuildFile; fileRef = BF2B4E091F5547D600B9A17B /* R.generated.swift */; };
		BF2B4E621F57201D00B9A17B /* places.storyboard in Resources */ = {isa = PBXBuildFile; fileRef = BF2B4E611F57201D00B9A17B /* places.storyboard */; };
		BF7BDC321F4C02930035F0F3 /* AppDelegate.swift in Sources */ = {isa = PBXBuildFile; fileRef = BF7BDC311F4C02930035F0F3 /* AppDelegate.swift */; };
		BF7BDC391F4C02930035F0F3 /* Assets.xcassets in Resources */ = {isa = PBXBuildFile; fileRef = BF7BDC381F4C02930035F0F3 /* Assets.xcassets */; };
		BF7BDC3C1F4C02930035F0F3 /* LaunchScreen.storyboard in Resources */ = {isa = PBXBuildFile; fileRef = BF7BDC3A1F4C02930035F0F3 /* LaunchScreen.storyboard */; };
		BF7BDC471F4C02930035F0F3 /* ArchTempTests.swift in Sources */ = {isa = PBXBuildFile; fileRef = BF7BDC461F4C02930035F0F3 /* ArchTempTests.swift */; };
		BF82BA7A1F5915A300CC1773 /* MostPopularP.swift in Sources */ = {isa = PBXBuildFile; fileRef = BF82BA771F5915A300CC1773 /* MostPopularP.swift */; };
		BF82BA7B1F5915A300CC1773 /* MostPopularV.swift in Sources */ = {isa = PBXBuildFile; fileRef = BF82BA791F5915A300CC1773 /* MostPopularV.swift */; };
		BF82BA801F591B8600CC1773 /* LatestPlaceP.swift in Sources */ = {isa = PBXBuildFile; fileRef = BF82BA7D1F591B8600CC1773 /* LatestPlaceP.swift */; };
		BF82BA811F591B8600CC1773 /* LatestPlaceV.swift in Sources */ = {isa = PBXBuildFile; fileRef = BF82BA7F1F591B8600CC1773 /* LatestPlaceV.swift */; };
		BF82BA871F5928DA00CC1773 /* HomeP.swift in Sources */ = {isa = PBXBuildFile; fileRef = BF82BA831F5928DA00CC1773 /* HomeP.swift */; };
		BF82BA881F5928DA00CC1773 /* HomeV.swift in Sources */ = {isa = PBXBuildFile; fileRef = BF82BA861F5928DA00CC1773 /* HomeV.swift */; };
		E8A8EE5607B2703EC07DA9F4 /* Pods_ArchTempTests.framework in Frameworks */ = {isa = PBXBuildFile; fileRef = 6C42D1653762975DE1AC3082 /* Pods_ArchTempTests.framework */; };
/* End PBXBuildFile section */

/* Begin PBXContainerItemProxy section */
		BF7BDC431F4C02930035F0F3 /* PBXContainerItemProxy */ = {
			isa = PBXContainerItemProxy;
			containerPortal = BF7BDC261F4C02930035F0F3 /* Project object */;
			proxyType = 1;
			remoteGlobalIDString = BF7BDC2D1F4C02930035F0F3;
			remoteInfo = ArchTemp;
		};
/* End PBXContainerItemProxy section */

/* Begin PBXFileReference section */
		0E0142828B2089BE00675E60 /* Pods-ArchTempTests.release.xcconfig */ = {isa = PBXFileReference; includeInIndex = 1; lastKnownFileType = text.xcconfig; name = "Pods-ArchTempTests.release.xcconfig"; path = "Pods/Target Support Files/Pods-ArchTempTests/Pods-ArchTempTests.release.xcconfig"; sourceTree = "<group>"; };
		4256577DA83909E42EDF661C /* Pods-ArchTemp.debug.xcconfig */ = {isa = PBXFileReference; includeInIndex = 1; lastKnownFileType = text.xcconfig; name = "Pods-ArchTemp.debug.xcconfig"; path = "Pods/Target Support Files/Pods-ArchTemp/Pods-ArchTemp.debug.xcconfig"; sourceTree = "<group>"; };
		6C42D1653762975DE1AC3082 /* Pods_ArchTempTests.framework */ = {isa = PBXFileReference; explicitFileType = wrapper.framework; includeInIndex = 0; path = Pods_ArchTempTests.framework; sourceTree = BUILT_PRODUCTS_DIR; };
		7EE48CB63C9FA856D5D182C0 /* Pods-ArchTempTests.debug.xcconfig */ = {isa = PBXFileReference; includeInIndex = 1; lastKnownFileType = text.xcconfig; name = "Pods-ArchTempTests.debug.xcconfig"; path = "Pods/Target Support Files/Pods-ArchTempTests/Pods-ArchTempTests.debug.xcconfig"; sourceTree = "<group>"; };
		A3B00C9DF1AECA2FF67E040A /* Pods_ArchTemp.framework */ = {isa = PBXFileReference; explicitFileType = wrapper.framework; includeInIndex = 0; path = Pods_ArchTemp.framework; sourceTree = BUILT_PRODUCTS_DIR; };
		BF280ADE1F5137FA00134803 /* InitAppSequence.swift */ = {isa = PBXFileReference; fileEncoding = 4; lastKnownFileType = sourcecode.swift; name = InitAppSequence.swift; path = DomainLayer/Sequencer/InitAppSequence.swift; sourceTree = "<group>"; };
		BF280AE01F51391E00134803 /* PresentMainAppOperation.swift */ = {isa = PBXFileReference; fileEncoding = 4; lastKnownFileType = sourcecode.swift; name = PresentMainAppOperation.swift; path = DomainLayer/Sequencer/Operations/PresentMainAppOperation.swift; sourceTree = "<group>"; };
		BF280AE91F513AFA00134803 /* main.storyboard */ = {isa = PBXFileReference; fileEncoding = 4; lastKnownFileType = file.storyboard; path = main.storyboard; sourceTree = "<group>"; };
		BF280AEA1F513AFA00134803 /* MainMVP.swift */ = {isa = PBXFileReference; fileEncoding = 4; lastKnownFileType = sourcecode.swift; path = MainMVP.swift; sourceTree = "<group>"; };
		BF280AEE1F513B8B00134803 /* AppStoryboard.swift */ = {isa = PBXFileReference; fileEncoding = 4; lastKnownFileType = sourcecode.swift; name = AppStoryboard.swift; path = ViewLayer/Extensions/AppStoryboard.swift; sourceTree = "<group>"; };
		BF280AF01F513C4100134803 /* ConcurrentOperation.swift */ = {isa = PBXFileReference; fileEncoding = 4; lastKnownFileType = sourcecode.swift; name = ConcurrentOperation.swift; path = DomainLayer/Sequencer/Operations/ConcurrentOperation.swift; sourceTree = "<group>"; };
		BF2B4DF11F55449700B9A17B /* AllPlacesP.swift */ = {isa = PBXFileReference; fileEncoding = 4; lastKnownFileType = sourcecode.swift; path = AllPlacesP.swift; sourceTree = "<group>"; };
		BF2B4DF31F55449700B9A17B /* AllPlacesHeaderV.swift */ = {isa = PBXFileReference; fileEncoding = 4; lastKnownFileType = sourcecode.swift; path = AllPlacesHeaderV.swift; sourceTree = "<group>"; };
		BF2B4DF41F55449700B9A17B /* AllPlacesV.swift */ = {isa = PBXFileReference; fileEncoding = 4; lastKnownFileType = sourcecode.swift; path = AllPlacesV.swift; sourceTree = "<group>"; };
		BF2B4E011F55452900B9A17B /* PlacesUseCase.swift */ = {isa = PBXFileReference; fileEncoding = 4; lastKnownFileType = sourcecode.swift; path = PlacesUseCase.swift; sourceTree = "<group>"; };
		BF2B4E041F55455B00B9A17B /* Place.swift */ = {isa = PBXFileReference; fileEncoding = 4; lastKnownFileType = sourcecode.swift; path = Place.swift; sourceTree = "<group>"; };
		BF2B4E091F5547D600B9A17B /* R.generated.swift */ = {isa = PBXFileReference; fileEncoding = 4; lastKnownFileType = sourcecode.swift; path = R.generated.swift; sourceTree = "<group>"; };
		BF2B4E611F57201D00B9A17B /* places.storyboard */ = {isa = PBXFileReference; fileEncoding = 4; lastKnownFileType = file.storyboard; path = places.storyboard; sourceTree = "<group>"; };
		BF7BDC2E1F4C02930035F0F3 /* ArchTemp.app */ = {isa = PBXFileReference; explicitFileType = wrapper.application; includeInIndex = 0; path = ArchTemp.app; sourceTree = BUILT_PRODUCTS_DIR; };
		BF7BDC311F4C02930035F0F3 /* AppDelegate.swift */ = {isa = PBXFileReference; lastKnownFileType = sourcecode.swift; path = AppDelegate.swift; sourceTree = "<group>"; };
		BF7BDC381F4C02930035F0F3 /* Assets.xcassets */ = {isa = PBXFileReference; lastKnownFileType = folder.assetcatalog; path = Assets.xcassets; sourceTree = "<group>"; };
		BF7BDC3B1F4C02930035F0F3 /* Base */ = {isa = PBXFileReference; lastKnownFileType = file.storyboard; name = Base; path = Base.lproj/LaunchScreen.storyboard; sourceTree = "<group>"; };
		BF7BDC3D1F4C02930035F0F3 /* Info.plist */ = {isa = PBXFileReference; lastKnownFileType = text.plist.xml; path = Info.plist; sourceTree = "<group>"; };
		BF7BDC421F4C02930035F0F3 /* ArchTempTests.xctest */ = {isa = PBXFileReference; explicitFileType = wrapper.cfbundle; includeInIndex = 0; path = ArchTempTests.xctest; sourceTree = BUILT_PRODUCTS_DIR; };
		BF7BDC461F4C02930035F0F3 /* ArchTempTests.swift */ = {isa = PBXFileReference; lastKnownFileType = sourcecode.swift; path = ArchTempTests.swift; sourceTree = "<group>"; };
		BF7BDC481F4C02930035F0F3 /* Info.plist */ = {isa = PBXFileReference; lastKnownFileType = text.plist.xml; path = Info.plist; sourceTree = "<group>"; };
		BF82BA771F5915A300CC1773 /* MostPopularP.swift */ = {isa = PBXFileReference; fileEncoding = 4; lastKnownFileType = sourcecode.swift; path = MostPopularP.swift; sourceTree = "<group>"; };
		BF82BA791F5915A300CC1773 /* MostPopularV.swift */ = {isa = PBXFileReference; fileEncoding = 4; lastKnownFileType = sourcecode.swift; path = MostPopularV.swift; sourceTree = "<group>"; };
		BF82BA7D1F591B8600CC1773 /* LatestPlaceP.swift */ = {isa = PBXFileReference; fileEncoding = 4; lastKnownFileType = sourcecode.swift; path = LatestPlaceP.swift; sourceTree = "<group>"; };
		BF82BA7F1F591B8600CC1773 /* LatestPlaceV.swift */ = {isa = PBXFileReference; fileEncoding = 4; lastKnownFileType = sourcecode.swift; path = LatestPlaceV.swift; sourceTree = "<group>"; };
		BF82BA831F5928DA00CC1773 /* HomeP.swift */ = {isa = PBXFileReference; fileEncoding = 4; lastKnownFileType = sourcecode.swift; path = HomeP.swift; sourceTree = "<group>"; };
		BF82BA861F5928DA00CC1773 /* HomeV.swift */ = {isa = PBXFileReference; fileEncoding = 4; lastKnownFileType = sourcecode.swift; path = HomeV.swift; sourceTree = "<group>"; };
		C4DD2576F197ADD6697128F3 /* Pods-ArchTemp.release.xcconfig */ = {isa = PBXFileReference; includeInIndex = 1; lastKnownFileType = text.xcconfig; name = "Pods-ArchTemp.release.xcconfig"; path = "Pods/Target Support Files/Pods-ArchTemp/Pods-ArchTemp.release.xcconfig"; sourceTree = "<group>"; };
/* End PBXFileReference section */

/* Begin PBXFrameworksBuildPhase section */
		BF7BDC2B1F4C02930035F0F3 /* Frameworks */ = {
			isa = PBXFrameworksBuildPhase;
			buildActionMask = 2147483647;
			files = (
				9B3EF4DAB1BE8E91C6915028 /* Pods_ArchTemp.framework in Frameworks */,
			);
			runOnlyForDeploymentPostprocessing = 0;
		};
		BF7BDC3F1F4C02930035F0F3 /* Frameworks */ = {
			isa = PBXFrameworksBuildPhase;
			buildActionMask = 2147483647;
			files = (
				E8A8EE5607B2703EC07DA9F4 /* Pods_ArchTempTests.framework in Frameworks */,
			);
			runOnlyForDeploymentPostprocessing = 0;
		};
/* End PBXFrameworksBuildPhase section */

/* Begin PBXGroup section */
		1342CCA516308B2E5F6025AE /* Frameworks */ = {
			isa = PBXGroup;
			children = (
				A3B00C9DF1AECA2FF67E040A /* Pods_ArchTemp.framework */,
				6C42D1653762975DE1AC3082 /* Pods_ArchTempTests.framework */,
			);
			name = Frameworks;
			sourceTree = "<group>";
		};
		BF280AD91F5136E900134803 /* ViewLayer */ = {
			isa = PBXGroup;
			children = (
				BF2B4E071F5546E100B9A17B /* Resources */,
				BF280AED1F513B2C00134803 /* Extensions */,
				BF280AE71F513AFA00134803 /* Controllers */,
			);
			name = ViewLayer;
			sourceTree = "<group>";
		};
		BF280ADA1F5136F900134803 /* DomainLayer */ = {
			isa = PBXGroup;
			children = (
				BF2B4E001F55452900B9A17B /* UseCases */,
				BF280ADC1F51378600134803 /* Sequencer */,
			);
			name = DomainLayer;
			sourceTree = "<group>";
		};
		BF280ADB1F51371400134803 /* DataLayer */ = {
			isa = PBXGroup;
			children = (
				BF2B4E031F55455B00B9A17B /* Model */,
			);
			name = DataLayer;
			sourceTree = "<group>";
		};
		BF280ADC1F51378600134803 /* Sequencer */ = {
			isa = PBXGroup;
			children = (
				BF280ADD1F51379200134803 /* Operations */,
				BF280ADE1F5137FA00134803 /* InitAppSequence.swift */,
			);
			name = Sequencer;
			sourceTree = "<group>";
		};
		BF280ADD1F51379200134803 /* Operations */ = {
			isa = PBXGroup;
			children = (
				BF280AF01F513C4100134803 /* ConcurrentOperation.swift */,
				BF280AE01F51391E00134803 /* PresentMainAppOperation.swift */,
			);
			name = Operations;
			sourceTree = "<group>";
		};
		BF280AE71F513AFA00134803 /* Controllers */ = {
			isa = PBXGroup;
			children = (
				BF2B4DEF1F55449700B9A17B /* Places */,
				BF280AE81F513AFA00134803 /* Main */,
			);
			name = Controllers;
			path = ViewLayer/Controllers;
			sourceTree = "<group>";
		};
		BF280AE81F513AFA00134803 /* Main */ = {
			isa = PBXGroup;
			children = (
				BF82BA821F5928DA00CC1773 /* Home */,
				BF280AE91F513AFA00134803 /* main.storyboard */,
				BF280AEA1F513AFA00134803 /* MainMVP.swift */,
			);
			path = Main;
			sourceTree = "<group>";
		};
		BF280AED1F513B2C00134803 /* Extensions */ = {
			isa = PBXGroup;
			children = (
				BF280AEE1F513B8B00134803 /* AppStoryboard.swift */,
			);
			name = Extensions;
			sourceTree = "<group>";
		};
		BF2B4DEF1F55449700B9A17B /* Places */ = {
			isa = PBXGroup;
			children = (
				BF2B4E611F57201D00B9A17B /* places.storyboard */,
				BF82BA7C1F591B8600CC1773 /* LatestPlace */,
				BF82BA761F5915A300CC1773 /* MostPopular */,
				BF2B4DF01F55449700B9A17B /* AllPlaces */,
			);
			path = Places;
			sourceTree = "<group>";
		};
		BF2B4DF01F55449700B9A17B /* AllPlaces */ = {
			isa = PBXGroup;
			children = (
				BF2B4DF11F55449700B9A17B /* AllPlacesP.swift */,
				BF2B4DF21F55449700B9A17B /* Views */,
			);
			path = AllPlaces;
			sourceTree = "<group>";
		};
		BF2B4DF21F55449700B9A17B /* Views */ = {
			isa = PBXGroup;
			children = (
				BF2B4DF31F55449700B9A17B /* AllPlacesHeaderV.swift */,
				BF2B4DF41F55449700B9A17B /* AllPlacesV.swift */,
			);
			path = Views;
			sourceTree = "<group>";
		};
		BF2B4E001F55452900B9A17B /* UseCases */ = {
			isa = PBXGroup;
			children = (
				BF2B4E011F55452900B9A17B /* PlacesUseCase.swift */,
			);
			name = UseCases;
			path = DomainLayer/UseCases;
			sourceTree = "<group>";
		};
		BF2B4E031F55455B00B9A17B /* Model */ = {
			isa = PBXGroup;
			children = (
				BF2B4E041F55455B00B9A17B /* Place.swift */,
			);
			name = Model;
			path = DataLayer/Model;
			sourceTree = "<group>";
		};
		BF2B4E071F5546E100B9A17B /* Resources */ = {
			isa = PBXGroup;
			children = (
				BF2B4E081F5546E100B9A17B /* RSwift */,
			);
			name = Resources;
			path = ViewLayer/Resources;
			sourceTree = "<group>";
		};
		BF2B4E081F5546E100B9A17B /* RSwift */ = {
			isa = PBXGroup;
			children = (
				BF2B4E091F5547D600B9A17B /* R.generated.swift */,
			);
			path = RSwift;
			sourceTree = "<group>";
		};
		BF7BDC251F4C02930035F0F3 = {
			isa = PBXGroup;
			children = (
				BF7BDC301F4C02930035F0F3 /* ArchTemp */,
				BF7BDC451F4C02930035F0F3 /* ArchTempTests */,
				BF7BDC2F1F4C02930035F0F3 /* Products */,
				F283E3D928E62156C0F09B27 /* Pods */,
				1342CCA516308B2E5F6025AE /* Frameworks */,
			);
			sourceTree = "<group>";
		};
		BF7BDC2F1F4C02930035F0F3 /* Products */ = {
			isa = PBXGroup;
			children = (
				BF7BDC2E1F4C02930035F0F3 /* ArchTemp.app */,
				BF7BDC421F4C02930035F0F3 /* ArchTempTests.xctest */,
			);
			name = Products;
			sourceTree = "<group>";
		};
		BF7BDC301F4C02930035F0F3 /* ArchTemp */ = {
			isa = PBXGroup;
			children = (
				BF280ADB1F51371400134803 /* DataLayer */,
				BF280ADA1F5136F900134803 /* DomainLayer */,
				BF280AD91F5136E900134803 /* ViewLayer */,
				BF7BDC311F4C02930035F0F3 /* AppDelegate.swift */,
				BF7BDC381F4C02930035F0F3 /* Assets.xcassets */,
				BF7BDC3A1F4C02930035F0F3 /* LaunchScreen.storyboard */,
				BF7BDC3D1F4C02930035F0F3 /* Info.plist */,
			);
			path = ArchTemp;
			sourceTree = "<group>";
		};
		BF7BDC451F4C02930035F0F3 /* ArchTempTests */ = {
			isa = PBXGroup;
			children = (
				BF7BDC461F4C02930035F0F3 /* ArchTempTests.swift */,
				BF7BDC481F4C02930035F0F3 /* Info.plist */,
			);
			path = ArchTempTests;
			sourceTree = "<group>";
		};
		BF82BA761F5915A300CC1773 /* MostPopular */ = {
			isa = PBXGroup;
			children = (
				BF82BA771F5915A300CC1773 /* MostPopularP.swift */,
				BF82BA781F5915A300CC1773 /* Views */,
			);
			path = MostPopular;
			sourceTree = "<group>";
		};
		BF82BA781F5915A300CC1773 /* Views */ = {
			isa = PBXGroup;
			children = (
				BF82BA791F5915A300CC1773 /* MostPopularV.swift */,
			);
			path = Views;
			sourceTree = "<group>";
		};
		BF82BA7C1F591B8600CC1773 /* LatestPlace */ = {
			isa = PBXGroup;
			children = (
				BF82BA7D1F591B8600CC1773 /* LatestPlaceP.swift */,
				BF82BA7E1F591B8600CC1773 /* Views */,
			);
			path = LatestPlace;
			sourceTree = "<group>";
		};
		BF82BA7E1F591B8600CC1773 /* Views */ = {
			isa = PBXGroup;
			children = (
				BF82BA7F1F591B8600CC1773 /* LatestPlaceV.swift */,
			);
			path = Views;
			sourceTree = "<group>";
		};
		BF82BA821F5928DA00CC1773 /* Home */ = {
			isa = PBXGroup;
			children = (
				BF82BA831F5928DA00CC1773 /* HomeP.swift */,
				BF82BA841F5928DA00CC1773 /* Presenters */,
				BF82BA851F5928DA00CC1773 /* Views */,
			);
			path = Home;
			sourceTree = "<group>";
		};
		BF82BA841F5928DA00CC1773 /* Presenters */ = {
			isa = PBXGroup;
			children = (
			);
			path = Presenters;
			sourceTree = "<group>";
		};
		BF82BA851F5928DA00CC1773 /* Views */ = {
			isa = PBXGroup;
			children = (
				BF82BA861F5928DA00CC1773 /* HomeV.swift */,
			);
			path = Views;
			sourceTree = "<group>";
		};
		F283E3D928E62156C0F09B27 /* Pods */ = {
			isa = PBXGroup;
			children = (
				4256577DA83909E42EDF661C /* Pods-ArchTemp.debug.xcconfig */,
				C4DD2576F197ADD6697128F3 /* Pods-ArchTemp.release.xcconfig */,
				7EE48CB63C9FA856D5D182C0 /* Pods-ArchTempTests.debug.xcconfig */,
				0E0142828B2089BE00675E60 /* Pods-ArchTempTests.release.xcconfig */,
			);
			name = Pods;
			sourceTree = "<group>";
		};
/* End PBXGroup section */

/* Begin PBXNativeTarget section */
		BF7BDC2D1F4C02930035F0F3 /* ArchTemp */ = {
			isa = PBXNativeTarget;
			buildConfigurationList = BF7BDC4B1F4C02930035F0F3 /* Build configuration list for PBXNativeTarget "ArchTemp" */;
			buildPhases = (
				6D36E7FABEE91933C111A47D /* [CP] Check Pods Manifest.lock */,
				BF2B4E061F55465D00B9A17B /* Run Script (RSwift) */,
				BF7BDC2A1F4C02930035F0F3 /* Sources */,
				BF7BDC2B1F4C02930035F0F3 /* Frameworks */,
				BF7BDC2C1F4C02930035F0F3 /* Resources */,
				C8C69E272068CE2877AECA2B /* [CP] Embed Pods Frameworks */,
				0D01D988E01C949013F69443 /* [CP] Copy Pods Resources */,
				BF280AF21F51419700134803 /* Run Script (SwiftLint) */,
			);
			buildRules = (
			);
			dependencies = (
			);
			name = ArchTemp;
			productName = ArchTemp;
			productReference = BF7BDC2E1F4C02930035F0F3 /* ArchTemp.app */;
			productType = "com.apple.product-type.application";
		};
		BF7BDC411F4C02930035F0F3 /* ArchTempTests */ = {
			isa = PBXNativeTarget;
			buildConfigurationList = BF7BDC4E1F4C02930035F0F3 /* Build configuration list for PBXNativeTarget "ArchTempTests" */;
			buildPhases = (
				D2652B1259520907B62AA81F /* [CP] Check Pods Manifest.lock */,
				BF7BDC3E1F4C02930035F0F3 /* Sources */,
				BF7BDC3F1F4C02930035F0F3 /* Frameworks */,
				BF7BDC401F4C02930035F0F3 /* Resources */,
				1961AC295C1628C34765AF68 /* [CP] Embed Pods Frameworks */,
				E95423389698263993FD0C4B /* [CP] Copy Pods Resources */,
			);
			buildRules = (
			);
			dependencies = (
				BF7BDC441F4C02930035F0F3 /* PBXTargetDependency */,
			);
			name = ArchTempTests;
			productName = ArchTempTests;
			productReference = BF7BDC421F4C02930035F0F3 /* ArchTempTests.xctest */;
			productType = "com.apple.product-type.bundle.unit-test";
		};
/* End PBXNativeTarget section */

/* Begin PBXProject section */
		BF7BDC261F4C02930035F0F3 /* Project object */ = {
			isa = PBXProject;
			attributes = {
				LastSwiftUpdateCheck = 0830;
				LastUpgradeCheck = 0830;
				ORGANIZATIONNAME = 08APO0516ja;
				TargetAttributes = {
					BF7BDC2D1F4C02930035F0F3 = {
						CreatedOnToolsVersion = 8.3.3;
						DevelopmentTeam = 7ZPDPWR8XU;
						ProvisioningStyle = Automatic;
					};
					BF7BDC411F4C02930035F0F3 = {
						CreatedOnToolsVersion = 8.3.3;
						ProvisioningStyle = Automatic;
						TestTargetID = BF7BDC2D1F4C02930035F0F3;
					};
				};
			};
			buildConfigurationList = BF7BDC291F4C02930035F0F3 /* Build configuration list for PBXProject "ArchTemp" */;
			compatibilityVersion = "Xcode 3.2";
			developmentRegion = English;
			hasScannedForEncodings = 0;
			knownRegions = (
				en,
				Base,
			);
			mainGroup = BF7BDC251F4C02930035F0F3;
			productRefGroup = BF7BDC2F1F4C02930035F0F3 /* Products */;
			projectDirPath = "";
			projectRoot = "";
			targets = (
				BF7BDC2D1F4C02930035F0F3 /* ArchTemp */,
				BF7BDC411F4C02930035F0F3 /* ArchTempTests */,
			);
		};
/* End PBXProject section */

/* Begin PBXResourcesBuildPhase section */
		BF7BDC2C1F4C02930035F0F3 /* Resources */ = {
			isa = PBXResourcesBuildPhase;
			buildActionMask = 2147483647;
			files = (
				BF2B4E621F57201D00B9A17B /* places.storyboard in Resources */,
				BF7BDC3C1F4C02930035F0F3 /* LaunchScreen.storyboard in Resources */,
				BF7BDC391F4C02930035F0F3 /* Assets.xcassets in Resources */,
				BF280AEB1F513AFA00134803 /* main.storyboard in Resources */,
			);
			runOnlyForDeploymentPostprocessing = 0;
		};
		BF7BDC401F4C02930035F0F3 /* Resources */ = {
			isa = PBXResourcesBuildPhase;
			buildActionMask = 2147483647;
			files = (
			);
			runOnlyForDeploymentPostprocessing = 0;
		};
/* End PBXResourcesBuildPhase section */

/* Begin PBXShellScriptBuildPhase section */
		0D01D988E01C949013F69443 /* [CP] Copy Pods Resources */ = {
			isa = PBXShellScriptBuildPhase;
			buildActionMask = 2147483647;
			files = (
			);
			inputPaths = (
			);
			name = "[CP] Copy Pods Resources";
			outputPaths = (
			);
			runOnlyForDeploymentPostprocessing = 0;
			shellPath = /bin/sh;
			shellScript = "\"${SRCROOT}/Pods/Target Support Files/Pods-ArchTemp/Pods-ArchTemp-resources.sh\"\n";
			showEnvVarsInLog = 0;
		};
		1961AC295C1628C34765AF68 /* [CP] Embed Pods Frameworks */ = {
			isa = PBXShellScriptBuildPhase;
			buildActionMask = 2147483647;
			files = (
			);
			inputPaths = (
			);
			name = "[CP] Embed Pods Frameworks";
			outputPaths = (
			);
			runOnlyForDeploymentPostprocessing = 0;
			shellPath = /bin/sh;
			shellScript = "\"${SRCROOT}/Pods/Target Support Files/Pods-ArchTempTests/Pods-ArchTempTests-frameworks.sh\"\n";
			showEnvVarsInLog = 0;
		};
		6D36E7FABEE91933C111A47D /* [CP] Check Pods Manifest.lock */ = {
			isa = PBXShellScriptBuildPhase;
			buildActionMask = 2147483647;
			files = (
			);
			inputPaths = (
				"${PODS_PODFILE_DIR_PATH}/Podfile.lock",
				"${PODS_ROOT}/Manifest.lock",
			);
			name = "[CP] Check Pods Manifest.lock";
			outputPaths = (
				"$(DERIVED_FILE_DIR)/Pods-ArchTemp-checkManifestLockResult.txt",
			);
			runOnlyForDeploymentPostprocessing = 0;
			shellPath = /bin/sh;
			shellScript = "diff \"${PODS_PODFILE_DIR_PATH}/Podfile.lock\" \"${PODS_ROOT}/Manifest.lock\" > /dev/null\nif [ $? != 0 ] ; then\n    # print error to STDERR\n    echo \"error: The sandbox is not in sync with the Podfile.lock. Run 'pod install' or update your CocoaPods installation.\" >&2\n    exit 1\nfi\n# This output is used by Xcode 'outputs' to avoid re-running this script phase.\necho \"SUCCESS\" > \"${SCRIPT_OUTPUT_FILE_0}\"\n";
			showEnvVarsInLog = 0;
		};
		BF280AF21F51419700134803 /* Run Script (SwiftLint) */ = {
			isa = PBXShellScriptBuildPhase;
			buildActionMask = 2147483647;
			files = (
			);
			inputPaths = (
			);
			name = "Run Script (SwiftLint)";
			outputPaths = (
			);
			runOnlyForDeploymentPostprocessing = 0;
			shellPath = /bin/sh;
			shellScript = "if which swiftlint >/dev/null; then\n    swiftlint\n#swiftlint autocorrect --format\nelse\necho \"warning: SwiftLint not installed, download from https://github.com/realm/SwiftLint\"\nfi";
		};
		BF2B4E061F55465D00B9A17B /* Run Script (RSwift) */ = {
			isa = PBXShellScriptBuildPhase;
			buildActionMask = 2147483647;
			files = (
			);
			inputPaths = (
			);
			name = "Run Script (RSwift)";
			outputPaths = (
			);
			runOnlyForDeploymentPostprocessing = 0;
			shellPath = /bin/sh;
			shellScript = "\"$PODS_ROOT/R.swift/rswift\" \"$SRCROOT/ArchTemp/ViewLayer/Resources/RSwift\"";
		};
		C8C69E272068CE2877AECA2B /* [CP] Embed Pods Frameworks */ = {
			isa = PBXShellScriptBuildPhase;
			buildActionMask = 2147483647;
			files = (
			);
			inputPaths = (
				"${SRCROOT}/Pods/Target Support Files/Pods-ArchTemp/Pods-ArchTemp-frameworks.sh",
				"${BUILT_PRODUCTS_DIR}/MBProgressHUD/MBProgressHUD.framework",
				"${BUILT_PRODUCTS_DIR}/R.swift.Library/Rswift.framework",
				"${BUILT_PRODUCTS_DIR}/Realm/Realm.framework",
				"${BUILT_PRODUCTS_DIR}/RealmSwift/RealmSwift.framework",
			);
			name = "[CP] Embed Pods Frameworks";
			outputPaths = (
				"${TARGET_BUILD_DIR}/${FRAMEWORKS_FOLDER_PATH}/MBProgressHUD.framework",
				"${TARGET_BUILD_DIR}/${FRAMEWORKS_FOLDER_PATH}/Rswift.framework",
				"${TARGET_BUILD_DIR}/${FRAMEWORKS_FOLDER_PATH}/Realm.framework",
				"${TARGET_BUILD_DIR}/${FRAMEWORKS_FOLDER_PATH}/RealmSwift.framework",
			);
			runOnlyForDeploymentPostprocessing = 0;
			shellPath = /bin/sh;
			shellScript = "\"${SRCROOT}/Pods/Target Support Files/Pods-ArchTemp/Pods-ArchTemp-frameworks.sh\"\n";
			showEnvVarsInLog = 0;
		};
		D2652B1259520907B62AA81F /* [CP] Check Pods Manifest.lock */ = {
			isa = PBXShellScriptBuildPhase;
			buildActionMask = 2147483647;
			files = (
			);
			inputPaths = (
				"${PODS_PODFILE_DIR_PATH}/Podfile.lock",
				"${PODS_ROOT}/Manifest.lock",
			);
			name = "[CP] Check Pods Manifest.lock";
			outputPaths = (
				"$(DERIVED_FILE_DIR)/Pods-ArchTempTests-checkManifestLockResult.txt",
			);
			runOnlyForDeploymentPostprocessing = 0;
			shellPath = /bin/sh;
			shellScript = "diff \"${PODS_PODFILE_DIR_PATH}/Podfile.lock\" \"${PODS_ROOT}/Manifest.lock\" > /dev/null\nif [ $? != 0 ] ; then\n    # print error to STDERR\n    echo \"error: The sandbox is not in sync with the Podfile.lock. Run 'pod install' or update your CocoaPods installation.\" >&2\n    exit 1\nfi\n# This output is used by Xcode 'outputs' to avoid re-running this script phase.\necho \"SUCCESS\" > \"${SCRIPT_OUTPUT_FILE_0}\"\n";
			showEnvVarsInLog = 0;
		};
		E95423389698263993FD0C4B /* [CP] Copy Pods Resources */ = {
			isa = PBXShellScriptBuildPhase;
			buildActionMask = 2147483647;
			files = (
			);
			inputPaths = (
			);
			name = "[CP] Copy Pods Resources";
			outputPaths = (
			);
			runOnlyForDeploymentPostprocessing = 0;
			shellPath = /bin/sh;
			shellScript = "\"${SRCROOT}/Pods/Target Support Files/Pods-ArchTempTests/Pods-ArchTempTests-resources.sh\"\n";
			showEnvVarsInLog = 0;
		};
/* End PBXShellScriptBuildPhase section */

/* Begin PBXSourcesBuildPhase section */
		BF7BDC2A1F4C02930035F0F3 /* Sources */ = {
			isa = PBXSourcesBuildPhase;
			buildActionMask = 2147483647;
			files = (
				BF280AE11F51391E00134803 /* PresentMainAppOperation.swift in Sources */,
				BF2B4E0A1F5547D600B9A17B /* R.generated.swift in Sources */,
				BF82BA7A1F5915A300CC1773 /* MostPopularP.swift in Sources */,
				BF82BA871F5928DA00CC1773 /* HomeP.swift in Sources */,
				BF2B4E051F55455B00B9A17B /* Place.swift in Sources */,
				BF2B4DFB1F55449700B9A17B /* AllPlacesV.swift in Sources */,
				BF82BA811F591B8600CC1773 /* LatestPlaceV.swift in Sources */,
				BF82BA881F5928DA00CC1773 /* HomeV.swift in Sources */,
				BF2B4DFA1F55449700B9A17B /* AllPlacesHeaderV.swift in Sources */,
				BF280AEC1F513AFA00134803 /* MainMVP.swift in Sources */,
				BF280AF11F513C4100134803 /* ConcurrentOperation.swift in Sources */,
				BF7BDC321F4C02930035F0F3 /* AppDelegate.swift in Sources */,
				BF280AEF1F513B8B00134803 /* AppStoryboard.swift in Sources */,
				BF2B4E021F55452900B9A17B /* PlacesUseCase.swift in Sources */,
				BF82BA801F591B8600CC1773 /* LatestPlaceP.swift in Sources */,
				BF280ADF1F5137FA00134803 /* InitAppSequence.swift in Sources */,
				BF82BA7B1F5915A300CC1773 /* MostPopularV.swift in Sources */,
				BF2B4DF91F55449700B9A17B /* AllPlacesP.swift in Sources */,
			);
			runOnlyForDeploymentPostprocessing = 0;
		};
		BF7BDC3E1F4C02930035F0F3 /* Sources */ = {
			isa = PBXSourcesBuildPhase;
			buildActionMask = 2147483647;
			files = (
				BF7BDC471F4C02930035F0F3 /* ArchTempTests.swift in Sources */,
			);
			runOnlyForDeploymentPostprocessing = 0;
		};
/* End PBXSourcesBuildPhase section */

/* Begin PBXTargetDependency section */
		BF7BDC441F4C02930035F0F3 /* PBXTargetDependency */ = {
			isa = PBXTargetDependency;
			target = BF7BDC2D1F4C02930035F0F3 /* ArchTemp */;
			targetProxy = BF7BDC431F4C02930035F0F3 /* PBXContainerItemProxy */;
		};
/* End PBXTargetDependency section */

/* Begin PBXVariantGroup section */
		BF7BDC3A1F4C02930035F0F3 /* LaunchScreen.storyboard */ = {
			isa = PBXVariantGroup;
			children = (
				BF7BDC3B1F4C02930035F0F3 /* Base */,
			);
			name = LaunchScreen.storyboard;
			sourceTree = "<group>";
		};
/* End PBXVariantGroup section */

/* Begin XCBuildConfiguration section */
		BF7BDC491F4C02930035F0F3 /* Debug */ = {
			isa = XCBuildConfiguration;
			buildSettings = {
				ALWAYS_SEARCH_USER_PATHS = NO;
				CLANG_ANALYZER_NONNULL = YES;
				CLANG_ANALYZER_NUMBER_OBJECT_CONVERSION = YES_AGGRESSIVE;
				CLANG_CXX_LANGUAGE_STANDARD = "gnu++0x";
				CLANG_CXX_LIBRARY = "libc++";
				CLANG_ENABLE_MODULES = YES;
				CLANG_ENABLE_OBJC_ARC = YES;
				CLANG_WARN_BOOL_CONVERSION = YES;
				CLANG_WARN_CONSTANT_CONVERSION = YES;
				CLANG_WARN_DIRECT_OBJC_ISA_USAGE = YES_ERROR;
				CLANG_WARN_DOCUMENTATION_COMMENTS = YES;
				CLANG_WARN_EMPTY_BODY = YES;
				CLANG_WARN_ENUM_CONVERSION = YES;
				CLANG_WARN_INFINITE_RECURSION = YES;
				CLANG_WARN_INT_CONVERSION = YES;
				CLANG_WARN_OBJC_ROOT_CLASS = YES_ERROR;
				CLANG_WARN_SUSPICIOUS_MOVE = YES;
				CLANG_WARN_UNREACHABLE_CODE = YES;
				CLANG_WARN__DUPLICATE_METHOD_MATCH = YES;
				"CODE_SIGN_IDENTITY[sdk=iphoneos*]" = "iPhone Developer";
				COPY_PHASE_STRIP = NO;
				DEBUG_INFORMATION_FORMAT = dwarf;
				ENABLE_STRICT_OBJC_MSGSEND = YES;
				ENABLE_TESTABILITY = YES;
				GCC_C_LANGUAGE_STANDARD = gnu99;
				GCC_DYNAMIC_NO_PIC = NO;
				GCC_NO_COMMON_BLOCKS = YES;
				GCC_OPTIMIZATION_LEVEL = 0;
				GCC_PREPROCESSOR_DEFINITIONS = (
					"DEBUG=1",
					"$(inherited)",
				);
				GCC_WARN_64_TO_32_BIT_CONVERSION = YES;
				GCC_WARN_ABOUT_RETURN_TYPE = YES_ERROR;
				GCC_WARN_UNDECLARED_SELECTOR = YES;
				GCC_WARN_UNINITIALIZED_AUTOS = YES_AGGRESSIVE;
				GCC_WARN_UNUSED_FUNCTION = YES;
				GCC_WARN_UNUSED_VARIABLE = YES;
				IPHONEOS_DEPLOYMENT_TARGET = 10.3;
				MTL_ENABLE_DEBUG_INFO = YES;
				ONLY_ACTIVE_ARCH = YES;
				SDKROOT = iphoneos;
				SWIFT_ACTIVE_COMPILATION_CONDITIONS = DEBUG;
				SWIFT_OPTIMIZATION_LEVEL = "-Onone";
				TARGETED_DEVICE_FAMILY = "1,2";
			};
			name = Debug;
		};
		BF7BDC4A1F4C02930035F0F3 /* Release */ = {
			isa = XCBuildConfiguration;
			buildSettings = {
				ALWAYS_SEARCH_USER_PATHS = NO;
				CLANG_ANALYZER_NONNULL = YES;
				CLANG_ANALYZER_NUMBER_OBJECT_CONVERSION = YES_AGGRESSIVE;
				CLANG_CXX_LANGUAGE_STANDARD = "gnu++0x";
				CLANG_CXX_LIBRARY = "libc++";
				CLANG_ENABLE_MODULES = YES;
				CLANG_ENABLE_OBJC_ARC = YES;
				CLANG_WARN_BOOL_CONVERSION = YES;
				CLANG_WARN_CONSTANT_CONVERSION = YES;
				CLANG_WARN_DIRECT_OBJC_ISA_USAGE = YES_ERROR;
				CLANG_WARN_DOCUMENTATION_COMMENTS = YES;
				CLANG_WARN_EMPTY_BODY = YES;
				CLANG_WARN_ENUM_CONVERSION = YES;
				CLANG_WARN_INFINITE_RECURSION = YES;
				CLANG_WARN_INT_CONVERSION = YES;
				CLANG_WARN_OBJC_ROOT_CLASS = YES_ERROR;
				CLANG_WARN_SUSPICIOUS_MOVE = YES;
				CLANG_WARN_UNREACHABLE_CODE = YES;
				CLANG_WARN__DUPLICATE_METHOD_MATCH = YES;
				"CODE_SIGN_IDENTITY[sdk=iphoneos*]" = "iPhone Developer";
				COPY_PHASE_STRIP = NO;
				DEBUG_INFORMATION_FORMAT = "dwarf-with-dsym";
				ENABLE_NS_ASSERTIONS = NO;
				ENABLE_STRICT_OBJC_MSGSEND = YES;
				GCC_C_LANGUAGE_STANDARD = gnu99;
				GCC_NO_COMMON_BLOCKS = YES;
				GCC_WARN_64_TO_32_BIT_CONVERSION = YES;
				GCC_WARN_ABOUT_RETURN_TYPE = YES_ERROR;
				GCC_WARN_UNDECLARED_SELECTOR = YES;
				GCC_WARN_UNINITIALIZED_AUTOS = YES_AGGRESSIVE;
				GCC_WARN_UNUSED_FUNCTION = YES;
				GCC_WARN_UNUSED_VARIABLE = YES;
				IPHONEOS_DEPLOYMENT_TARGET = 10.3;
				MTL_ENABLE_DEBUG_INFO = NO;
				SDKROOT = iphoneos;
				SWIFT_OPTIMIZATION_LEVEL = "-Owholemodule";
				TARGETED_DEVICE_FAMILY = "1,2";
				VALIDATE_PRODUCT = YES;
			};
			name = Release;
		};
		BF7BDC4C1F4C02930035F0F3 /* Debug */ = {
			isa = XCBuildConfiguration;
			baseConfigurationReference = 4256577DA83909E42EDF661C /* Pods-ArchTemp.debug.xcconfig */;
			buildSettings = {
				ASSETCATALOG_COMPILER_APPICON_NAME = AppIcon;
				DEVELOPMENT_TEAM = 7ZPDPWR8XU;
				INFOPLIST_FILE = ArchTemp/Info.plist;
				LD_RUNPATH_SEARCH_PATHS = "$(inherited) @executable_path/Frameworks";
				PRODUCT_BUNDLE_IDENTIFIER = jca.ArchTemp;
				PRODUCT_NAME = "$(TARGET_NAME)";
				SWIFT_VERSION = 3.0;
			};
			name = Debug;
		};
		BF7BDC4D1F4C02930035F0F3 /* Release */ = {
			isa = XCBuildConfiguration;
			baseConfigurationReference = C4DD2576F197ADD6697128F3 /* Pods-ArchTemp.release.xcconfig */;
			buildSettings = {
				ASSETCATALOG_COMPILER_APPICON_NAME = AppIcon;
				DEVELOPMENT_TEAM = 7ZPDPWR8XU;
				INFOPLIST_FILE = ArchTemp/Info.plist;
				LD_RUNPATH_SEARCH_PATHS = "$(inherited) @executable_path/Frameworks";
				PRODUCT_BUNDLE_IDENTIFIER = jca.ArchTemp;
				PRODUCT_NAME = "$(TARGET_NAME)";
				SWIFT_VERSION = 3.0;
			};
			name = Release;
		};
		BF7BDC4F1F4C02930035F0F3 /* Debug */ = {
			isa = XCBuildConfiguration;
			baseConfigurationReference = 7EE48CB63C9FA856D5D182C0 /* Pods-ArchTempTests.debug.xcconfig */;
			buildSettings = {
				ALWAYS_EMBED_SWIFT_STANDARD_LIBRARIES = YES;
				BUNDLE_LOADER = "$(TEST_HOST)";
				INFOPLIST_FILE = ArchTempTests/Info.plist;
				LD_RUNPATH_SEARCH_PATHS = "$(inherited) @executable_path/Frameworks @loader_path/Frameworks";
				PRODUCT_BUNDLE_IDENTIFIER = jca.ArchTempTests;
				PRODUCT_NAME = "$(TARGET_NAME)";
				SWIFT_VERSION = 3.0;
				TEST_HOST = "$(BUILT_PRODUCTS_DIR)/ArchTemp.app/ArchTemp";
			};
			name = Debug;
		};
		BF7BDC501F4C02930035F0F3 /* Release */ = {
			isa = XCBuildConfiguration;
			baseConfigurationReference = 0E0142828B2089BE00675E60 /* Pods-ArchTempTests.release.xcconfig */;
			buildSettings = {
				ALWAYS_EMBED_SWIFT_STANDARD_LIBRARIES = YES;
				BUNDLE_LOADER = "$(TEST_HOST)";
				INFOPLIST_FILE = ArchTempTests/Info.plist;
				LD_RUNPATH_SEARCH_PATHS = "$(inherited) @executable_path/Frameworks @loader_path/Frameworks";
				PRODUCT_BUNDLE_IDENTIFIER = jca.ArchTempTests;
				PRODUCT_NAME = "$(TARGET_NAME)";
				SWIFT_VERSION = 3.0;
				TEST_HOST = "$(BUILT_PRODUCTS_DIR)/ArchTemp.app/ArchTemp";
			};
			name = Release;
		};
/* End XCBuildConfiguration section */

/* Begin XCConfigurationList section */
		BF7BDC291F4C02930035F0F3 /* Build configuration list for PBXProject "ArchTemp" */ = {
			isa = XCConfigurationList;
			buildConfigurations = (
				BF7BDC491F4C02930035F0F3 /* Debug */,
				BF7BDC4A1F4C02930035F0F3 /* Release */,
			);
			defaultConfigurationIsVisible = 0;
			defaultConfigurationName = Release;
		};
		BF7BDC4B1F4C02930035F0F3 /* Build configuration list for PBXNativeTarget "ArchTemp" */ = {
			isa = XCConfigurationList;
			buildConfigurations = (
				BF7BDC4C1F4C02930035F0F3 /* Debug */,
				BF7BDC4D1F4C02930035F0F3 /* Release */,
			);
			defaultConfigurationIsVisible = 0;
			defaultConfigurationName = Release;
		};
		BF7BDC4E1F4C02930035F0F3 /* Build configuration list for PBXNativeTarget "ArchTempTests" */ = {
			isa = XCConfigurationList;
			buildConfigurations = (
				BF7BDC4F1F4C02930035F0F3 /* Debug */,
				BF7BDC501F4C02930035F0F3 /* Release */,
			);
			defaultConfigurationIsVisible = 0;
			defaultConfigurationName = Release;
		};
/* End XCConfigurationList section */
	};
	rootObject = BF7BDC261F4C02930035F0F3 /* Project object */;
}
